
Microsoft Visual Studio Solution File, Format Version 12.00
# Visual Studio Version 16
VisualStudioVersion = 16.0.31424.327
MinimumVisualStudioVersion = 10.0.40219.1
Project("{FAE04EC0-301F-11D3-BF4B-00C04F79EFBC}") = "MySoccerWorld", "MySoccerWorld.csproj", "{ACD875E1-6E01-4242-BE0B-E9202B93563D}"
EndProject
Global
	GlobalSection(SolutionConfigurationPlatforms) = preSolution
		Debug|Any CPU = Debug|Any CPU
		Release|Any CPU = Release|Any CPU
	EndGlobalSection
	GlobalSection(ProjectConfigurationPlatforms) = postSolution
		{ACD875E1-6E01-4242-BE0B-E9202B93563D}.Debug|Any CPU.ActiveCfg = Debug|Any CPU
		{ACD875E1-6E01-4242-BE0B-E9202B93563D}.Debug|Any CPU.Build.0 = Debug|Any CPU
		{ACD875E1-6E01-4242-BE0B-E9202B93563D}.Release|Any CPU.ActiveCfg = Release|Any CPU
		{ACD875E1-6E01-4242-BE0B-E9202B93563D}.Release|Any CPU.Build.0 = Release|Any CPU
	EndGlobalSection
	GlobalSection(SolutionProperties) = preSolution
		HideSolutionNode = FALSE
	EndGlobalSection
	GlobalSection(ExtensibilityGlobals) = postSolution
		SolutionGuid = {666AC9DD-CCF3-4ED2-A71E-F1F467F9472A}
	EndGlobalSection
EndGlobal
